
Microsoft Visual Studio Solution File, Format Version 12.00
# Visual Studio Version 17
VisualStudioVersion = 17.8.34330.188
MinimumVisualStudioVersion = 10.0.40219.1
Project("{FAE04EC0-301F-11D3-BF4B-00C04F79EFBC}") = "hw8", "hw8\hw8.csproj", "{77163DD8-9DB1-4354-8ADB-0E1C8BC4A369}"
EndProject
Global
	GlobalSection(SolutionConfigurationPlatforms) = preSolution
		Debug|Any CPU = Debug|Any CPU
		Release|Any CPU = Release|Any CPU
	EndGlobalSection
	GlobalSection(ProjectConfigurationPlatforms) = postSolution
		{77163DD8-9DB1-4354-8ADB-0E1C8BC4A369}.Debug|Any CPU.ActiveCfg = Debug|Any CPU
		{77163DD8-9DB1-4354-8ADB-0E1C8BC4A369}.Debug|Any CPU.Build.0 = Debug|Any CPU
		{77163DD8-9DB1-4354-8ADB-0E1C8BC4A369}.Release|Any CPU.ActiveCfg = Release|Any CPU
		{77163DD8-9DB1-4354-8ADB-0E1C8BC4A369}.Release|Any CPU.Build.0 = Release|Any CPU
	EndGlobalSection
	GlobalSection(SolutionProperties) = preSolution
		HideSolutionNode = FALSE
	EndGlobalSection
	GlobalSection(ExtensibilityGlobals) = postSolution
		SolutionGuid = {BD1B0FD8-58B9-40F4-8F27-726F26736892}
	EndGlobalSection
EndGlobal
